
Microsoft Visual Studio Solution File, Format Version 12.00
Project("{FAE04EC0-301F-11D3-BF4B-00C04F79EFBC}") = "su19-Frida-Sarah", "su19-Frida-Sarah.csproj", "{2210029C-05F5-4C39-83E5-7E7EC9AA070C}"
EndProject
Project("{FAE04EC0-301F-11D3-BF4B-00C04F79EFBC}") = "DIKUArcade", "..\DIKUArcade\DIKUArcade\DIKUArcade.csproj", "{A1E4E4DF-0967-4096-9E3C-FBC29B7D07DD}"
EndProject
Project("{FAE04EC0-301F-11D3-BF4B-00C04F79EFBC}") = "Galaga-Exercise-1", "Galaga-Exercise-1\Galaga-Exercise-1.csproj", "{C153DEC0-2A08-42F7-9CBF-2EA773D85A01}"
EndProject
Global
	GlobalSection(SolutionConfigurationPlatforms) = preSolution
		Debug|Any CPU = Debug|Any CPU
		Release|Any CPU = Release|Any CPU
	EndGlobalSection
	GlobalSection(ProjectConfigurationPlatforms) = postSolution
		{2210029C-05F5-4C39-83E5-7E7EC9AA070C}.Debug|Any CPU.ActiveCfg = Debug|Any CPU
		{2210029C-05F5-4C39-83E5-7E7EC9AA070C}.Debug|Any CPU.Build.0 = Debug|Any CPU
		{2210029C-05F5-4C39-83E5-7E7EC9AA070C}.Release|Any CPU.ActiveCfg = Release|Any CPU
		{2210029C-05F5-4C39-83E5-7E7EC9AA070C}.Release|Any CPU.Build.0 = Release|Any CPU
		{A1E4E4DF-0967-4096-9E3C-FBC29B7D07DD}.Debug|Any CPU.ActiveCfg = Debug|Any CPU
		{A1E4E4DF-0967-4096-9E3C-FBC29B7D07DD}.Debug|Any CPU.Build.0 = Debug|Any CPU
		{A1E4E4DF-0967-4096-9E3C-FBC29B7D07DD}.Release|Any CPU.ActiveCfg = Release|Any CPU
		{A1E4E4DF-0967-4096-9E3C-FBC29B7D07DD}.Release|Any CPU.Build.0 = Release|Any CPU
		{C153DEC0-2A08-42F7-9CBF-2EA773D85A01}.Debug|Any CPU.ActiveCfg = Debug|Any CPU
		{C153DEC0-2A08-42F7-9CBF-2EA773D85A01}.Debug|Any CPU.Build.0 = Debug|Any CPU
		{C153DEC0-2A08-42F7-9CBF-2EA773D85A01}.Release|Any CPU.ActiveCfg = Release|Any CPU
		{C153DEC0-2A08-42F7-9CBF-2EA773D85A01}.Release|Any CPU.Build.0 = Release|Any CPU
	EndGlobalSection
EndGlobal
